
Microsoft Visual Studio Solution File, Format Version 12.00
# Visual Studio Version 16
VisualStudioVersion = 16.0.32126.315
MinimumVisualStudioVersion = 10.0.40219.1
Project("{FAE04EC0-301F-11D3-BF4B-00C04F79EFBC}") = "YouTubeValueTypesReferenceTypes", "YouTubeValueTypesReferenceTypes\YouTubeValueTypesReferenceTypes.csproj", "{64D155EE-B583-4B3B-8095-759DA70EC9C7}"
EndProject
Global
	GlobalSection(SolutionConfigurationPlatforms) = preSolution
		Debug|Any CPU = Debug|Any CPU
		Release|Any CPU = Release|Any CPU
	EndGlobalSection
	GlobalSection(ProjectConfigurationPlatforms) = postSolution
		{64D155EE-B583-4B3B-8095-759DA70EC9C7}.Debug|Any CPU.ActiveCfg = Debug|Any CPU
		{64D155EE-B583-4B3B-8095-759DA70EC9C7}.Debug|Any CPU.Build.0 = Debug|Any CPU
		{64D155EE-B583-4B3B-8095-759DA70EC9C7}.Release|Any CPU.ActiveCfg = Release|Any CPU
		{64D155EE-B583-4B3B-8095-759DA70EC9C7}.Release|Any CPU.Build.0 = Release|Any CPU
	EndGlobalSection
	GlobalSection(SolutionProperties) = preSolution
		HideSolutionNode = FALSE
	EndGlobalSection
	GlobalSection(ExtensibilityGlobals) = postSolution
		SolutionGuid = {F726F110-44CD-416E-86E3-787FE2DECE90}
	EndGlobalSection
EndGlobal
