
Microsoft Visual Studio Solution File, Format Version 12.00
# Visual Studio Version 16
VisualStudioVersion = 16.0.32126.315
MinimumVisualStudioVersion = 10.0.40219.1
Project("{FAE04EC0-301F-11D3-BF4B-00C04F79EFBC}") = "YouTubeArgs", "YouTubeArgs\YouTubeArgs.csproj", "{32089AD9-C78B-42C2-992A-96C565C4FE06}"
EndProject
Global
	GlobalSection(SolutionConfigurationPlatforms) = preSolution
		Debug|Any CPU = Debug|Any CPU
		Release|Any CPU = Release|Any CPU
	EndGlobalSection
	GlobalSection(ProjectConfigurationPlatforms) = postSolution
		{32089AD9-C78B-42C2-992A-96C565C4FE06}.Debug|Any CPU.ActiveCfg = Debug|Any CPU
		{32089AD9-C78B-42C2-992A-96C565C4FE06}.Debug|Any CPU.Build.0 = Debug|Any CPU
		{32089AD9-C78B-42C2-992A-96C565C4FE06}.Release|Any CPU.ActiveCfg = Release|Any CPU
		{32089AD9-C78B-42C2-992A-96C565C4FE06}.Release|Any CPU.Build.0 = Release|Any CPU
	EndGlobalSection
	GlobalSection(SolutionProperties) = preSolution
		HideSolutionNode = FALSE
	EndGlobalSection
	GlobalSection(ExtensibilityGlobals) = postSolution
		SolutionGuid = {FFB5BC08-4011-44BA-A57E-01DC9C3B70C9}
	EndGlobalSection
EndGlobal
