
Microsoft Visual Studio Solution File, Format Version 12.00
# Visual Studio Version 16
VisualStudioVersion = 16.0.32126.315
MinimumVisualStudioVersion = 10.0.40219.1
Project("{FAE04EC0-301F-11D3-BF4B-00C04F79EFBC}") = "YouTubeFloatDoubleDecimal", "YouTubeFloatDoubleDecimal\YouTubeFloatDoubleDecimal.csproj", "{6C4ED612-F117-40CB-8BC9-350595C22429}"
EndProject
Global
	GlobalSection(SolutionConfigurationPlatforms) = preSolution
		Debug|Any CPU = Debug|Any CPU
		Release|Any CPU = Release|Any CPU
	EndGlobalSection
	GlobalSection(ProjectConfigurationPlatforms) = postSolution
		{6C4ED612-F117-40CB-8BC9-350595C22429}.Debug|Any CPU.ActiveCfg = Debug|Any CPU
		{6C4ED612-F117-40CB-8BC9-350595C22429}.Debug|Any CPU.Build.0 = Debug|Any CPU
		{6C4ED612-F117-40CB-8BC9-350595C22429}.Release|Any CPU.ActiveCfg = Release|Any CPU
		{6C4ED612-F117-40CB-8BC9-350595C22429}.Release|Any CPU.Build.0 = Release|Any CPU
	EndGlobalSection
	GlobalSection(SolutionProperties) = preSolution
		HideSolutionNode = FALSE
	EndGlobalSection
	GlobalSection(ExtensibilityGlobals) = postSolution
		SolutionGuid = {C9FA4098-E254-421C-B707-46C88696F3CD}
	EndGlobalSection
EndGlobal
